
Microsoft Visual Studio Solution File, Format Version 12.00
# Visual Studio Version 17
VisualStudioVersion = 17.0.31903.59
MinimumVisualStudioVersion = 10.0.40219.1
Project("{FAE04EC0-301F-11D3-BF4B-00C04F79EFBC}") = "PushMessageMVC", "PushMessageMVC\PushMessageMVC.csproj", "{6DF1AD8E-C23B-4234-951D-807B7A61A068}"
EndProject
Global
	GlobalSection(SolutionConfigurationPlatforms) = preSolution
		Debug|Any CPU = Debug|Any CPU
		Release|Any CPU = Release|Any CPU
	EndGlobalSection
	GlobalSection(ProjectConfigurationPlatforms) = postSolution
		{6DF1AD8E-C23B-4234-951D-807B7A61A068}.Debug|Any CPU.ActiveCfg = Debug|Any CPU
		{6DF1AD8E-C23B-4234-951D-807B7A61A068}.Debug|Any CPU.Build.0 = Debug|Any CPU
		{6DF1AD8E-C23B-4234-951D-807B7A61A068}.Release|Any CPU.ActiveCfg = Release|Any CPU
		{6DF1AD8E-C23B-4234-951D-807B7A61A068}.Release|Any CPU.Build.0 = Release|Any CPU
	EndGlobalSection
	GlobalSection(SolutionProperties) = preSolution
		HideSolutionNode = FALSE
	EndGlobalSection
	GlobalSection(ExtensibilityGlobals) = postSolution
		SolutionGuid = {66D68DB2-8863-4FC2-AAAE-0142CE7352E5}
	EndGlobalSection
EndGlobal
